// !$*UTF8*$!
{
	archiveVersion = 1;
	classes = {
	};
	objectVersion = 46;
	objects = {

/* Begin PBXBuildFile section */
		C2954FE31EBE1CE30039CEFA /* AppDelegate.swift in Sources */ = {isa = PBXBuildFile; fileRef = C2954FE21EBE1CE30039CEFA /* AppDelegate.swift */; };
		C2954FE51EBE1CE30039CEFA /* FirstViewController.swift in Sources */ = {isa = PBXBuildFile; fileRef = C2954FE41EBE1CE30039CEFA /* FirstViewController.swift */; };
		C2954FE71EBE1CE30039CEFA /* SecondViewController.swift in Sources */ = {isa = PBXBuildFile; fileRef = C2954FE61EBE1CE30039CEFA /* SecondViewController.swift */; };
		C2954FEA1EBE1CE30039CEFA /* Main.storyboard in Resources */ = {isa = PBXBuildFile; fileRef = C2954FE81EBE1CE30039CEFA /* Main.storyboard */; };
		C2954FEC1EBE1CE30039CEFA /* Assets.xcassets in Resources */ = {isa = PBXBuildFile; fileRef = C2954FEB1EBE1CE30039CEFA /* Assets.xcassets */; };
		C2954FEF1EBE1CE30039CEFA /* LaunchScreen.storyboard in Resources */ = {isa = PBXBuildFile; fileRef = C2954FED1EBE1CE30039CEFA /* LaunchScreen.storyboard */; };
		C2954FFA1EBE1CE30039CEFA /* Plunketts2Tests.swift in Sources */ = {isa = PBXBuildFile; fileRef = C2954FF91EBE1CE30039CEFA /* Plunketts2Tests.swift */; };
/* End PBXBuildFile section */

/* Begin PBXContainerItemProxy section */
		C2954FF61EBE1CE30039CEFA /* PBXContainerItemProxy */ = {
			isa = PBXContainerItemProxy;
			containerPortal = C2954FD71EBE1CE30039CEFA /* Project object */;
			proxyType = 1;
			remoteGlobalIDString = C2954FDE1EBE1CE30039CEFA;
			remoteInfo = Plunketts2;
		};
/* End PBXContainerItemProxy section */

/* Begin PBXFileReference section */
		C2954FDF1EBE1CE30039CEFA /* Plunketts2.app */ = {isa = PBXFileReference; explicitFileType = wrapper.application; includeInIndex = 0; path = Plunketts2.app; sourceTree = BUILT_PRODUCTS_DIR; };
		C2954FE21EBE1CE30039CEFA /* AppDelegate.swift */ = {isa = PBXFileReference; lastKnownFileType = sourcecode.swift; path = AppDelegate.swift; sourceTree = "<group>"; };
		C2954FE41EBE1CE30039CEFA /* FirstViewController.swift */ = {isa = PBXFileReference; lastKnownFileType = sourcecode.swift; path = FirstViewController.swift; sourceTree = "<group>"; };
		C2954FE61EBE1CE30039CEFA /* SecondViewController.swift */ = {isa = PBXFileReference; lastKnownFileType = sourcecode.swift; path = SecondViewController.swift; sourceTree = "<group>"; };
		C2954FE91EBE1CE30039CEFA /* Base */ = {isa = PBXFileReference; lastKnownFileType = file.storyboard; name = Base; path = Base.lproj/Main.storyboard; sourceTree = "<group>"; };
		C2954FEB1EBE1CE30039CEFA /* Assets.xcassets */ = {isa = PBXFileReference; lastKnownFileType = folder.assetcatalog; path = Assets.xcassets; sourceTree = "<group>"; };
		C2954FEE1EBE1CE30039CEFA /* Base */ = {isa = PBXFileReference; lastKnownFileType = file.storyboard; name = Base; path = Base.lproj/LaunchScreen.storyboard; sourceTree = "<group>"; };
		C2954FF01EBE1CE30039CEFA /* Info.plist */ = {isa = PBXFileReference; lastKnownFileType = text.plist.xml; path = Info.plist; sourceTree = "<group>"; };
		C2954FF51EBE1CE30039CEFA /* Plunketts2Tests.xctest */ = {isa = PBXFileReference; explicitFileType = wrapper.cfbundle; includeInIndex = 0; path = Plunketts2Tests.xctest; sourceTree = BUILT_PRODUCTS_DIR; };
		C2954FF91EBE1CE30039CEFA /* Plunketts2Tests.swift */ = {isa = PBXFileReference; lastKnownFileType = sourcecode.swift; path = Plunketts2Tests.swift; sourceTree = "<group>"; };
		C2954FFB1EBE1CE30039CEFA /* Info.plist */ = {isa = PBXFileReference; lastKnownFileType = text.plist.xml; path = Info.plist; sourceTree = "<group>"; };
/* End PBXFileReference section */

/* Begin PBXFrameworksBuildPhase section */
		C2954FDC1EBE1CE30039CEFA /* Frameworks */ = {
			isa = PBXFrameworksBuildPhase;
			buildActionMask = 2147483647;
			files = (
			);
			runOnlyForDeploymentPostprocessing = 0;
		};
		C2954FF21EBE1CE30039CEFA /* Frameworks */ = {
			isa = PBXFrameworksBuildPhase;
			buildActionMask = 2147483647;
			files = (
			);
			runOnlyForDeploymentPostprocessing = 0;
		};
/* End PBXFrameworksBuildPhase section */

/* Begin PBXGroup section */
		C2954FD61EBE1CE30039CEFA = {
			isa = PBXGroup;
			children = (
				C2954FE11EBE1CE30039CEFA /* Plunketts2 */,
				C2954FF81EBE1CE30039CEFA /* Plunketts2Tests */,
				C2954FE01EBE1CE30039CEFA /* Products */,
			);
			sourceTree = "<group>";
		};
		C2954FE01EBE1CE30039CEFA /* Products */ = {
			isa = PBXGroup;
			children = (
				C2954FDF1EBE1CE30039CEFA /* Plunketts2.app */,
				C2954FF51EBE1CE30039CEFA /* Plunketts2Tests.xctest */,
			);
			name = Products;
			sourceTree = "<group>";
		};
		C2954FE11EBE1CE30039CEFA /* Plunketts2 */ = {
			isa = PBXGroup;
			children = (
				C2954FE21EBE1CE30039CEFA /* AppDelegate.swift */,
				C2954FE41EBE1CE30039CEFA /* FirstViewController.swift */,
				C2954FE61EBE1CE30039CEFA /* SecondViewController.swift */,
				C2954FE81EBE1CE30039CEFA /* Main.storyboard */,
				C2954FEB1EBE1CE30039CEFA /* Assets.xcassets */,
				C2954FED1EBE1CE30039CEFA /* LaunchScreen.storyboard */,
				C2954FF01EBE1CE30039CEFA /* Info.plist */,
			);
			path = Plunketts2;
			sourceTree = "<group>";
		};
		C2954FF81EBE1CE30039CEFA /* Plunketts2Tests */ = {
			isa = PBXGroup;
			children = (
				C2954FF91EBE1CE30039CEFA /* Plunketts2Tests.swift */,
				C2954FFB1EBE1CE30039CEFA /* Info.plist */,
			);
			path = Plunketts2Tests;
			sourceTree = "<group>";
		};
/* End PBXGroup section */

/* Begin PBXNativeTarget section */
		C2954FDE1EBE1CE30039CEFA /* Plunketts2 */ = {
			isa = PBXNativeTarget;
			buildConfigurationList = C2954FFE1EBE1CE30039CEFA /* Build configuration list for PBXNativeTarget "Plunketts2" */;
			buildPhases = (
				C2954FDB1EBE1CE30039CEFA /* Sources */,
				C2954FDC1EBE1CE30039CEFA /* Frameworks */,
				C2954FDD1EBE1CE30039CEFA /* Resources */,
			);
			buildRules = (
			);
			dependencies = (
			);
			name = Plunketts2;
			productName = Plunketts2;
			productReference = C2954FDF1EBE1CE30039CEFA /* Plunketts2.app */;
			productType = "com.apple.product-type.application";
		};
		C2954FF41EBE1CE30039CEFA /* Plunketts2Tests */ = {
			isa = PBXNativeTarget;
			buildConfigurationList = C29550011EBE1CE30039CEFA /* Build configuration list for PBXNativeTarget "Plunketts2Tests" */;
			buildPhases = (
				C2954FF11EBE1CE30039CEFA /* Sources */,
				C2954FF21EBE1CE30039CEFA /* Frameworks */,
				C2954FF31EBE1CE30039CEFA /* Resources */,
			);
			buildRules = (
			);
			dependencies = (
				C2954FF71EBE1CE30039CEFA /* PBXTargetDependency */,
			);
			name = Plunketts2Tests;
			productName = Plunketts2Tests;
			productReference = C2954FF51EBE1CE30039CEFA /* Plunketts2Tests.xctest */;
			productType = "com.apple.product-type.bundle.unit-test";
		};
/* End PBXNativeTarget section */

/* Begin PBXProject section */
		C2954FD71EBE1CE30039CEFA /* Project object */ = {
			isa = PBXProject;
			attributes = {
				LastSwiftUpdateCheck = 0830;
				LastUpgradeCheck = 0830;
				ORGANIZATIONNAME = "Eanna Boland";
				TargetAttributes = {
					C2954FDE1EBE1CE30039CEFA = {
						CreatedOnToolsVersion = 8.3.2;
						ProvisioningStyle = Automatic;
					};
					C2954FF41EBE1CE30039CEFA = {
						CreatedOnToolsVersion = 8.3.2;
						ProvisioningStyle = Automatic;
						TestTargetID = C2954FDE1EBE1CE30039CEFA;
					};
				};
			};
			buildConfigurationList = C2954FDA1EBE1CE30039CEFA /* Build configuration list for PBXProject "Plunketts2" */;
			compatibilityVersion = "Xcode 3.2";
			developmentRegion = English;
			hasScannedForEncodings = 0;
			knownRegions = (
				en,
				Base,
			);
			mainGroup = C2954FD61EBE1CE30039CEFA;
			productRefGroup = C2954FE01EBE1CE30039CEFA /* Products */;
			projectDirPath = "";
			projectRoot = "";
			targets = (
				C2954FDE1EBE1CE30039CEFA /* Plunketts2 */,
				C2954FF41EBE1CE30039CEFA /* Plunketts2Tests */,
			);
		};
/* End PBXProject section */

/* Begin PBXResourcesBuildPhase section */
		C2954FDD1EBE1CE30039CEFA /* Resources */ = {
			isa = PBXResourcesBuildPhase;
			buildActionMask = 2147483647;
			files = (
				C2954FEF1EBE1CE30039CEFA /* LaunchScreen.storyboard in Resources */,
				C2954FEC1EBE1CE30039CEFA /* Assets.xcassets in Resources */,
				C2954FEA1EBE1CE30039CEFA /* Main.storyboard in Resources */,
			);
			runOnlyForDeploymentPostprocessing = 0;
		};
		C2954FF31EBE1CE30039CEFA /* Resources */ = {
			isa = PBXResourcesBuildPhase;
			buildActionMask = 2147483647;
			files = (
			);
			runOnlyForDeploymentPostprocessing = 0;
		};
/* End PBXResourcesBuildPhase section */

/* Begin PBXSourcesBuildPhase section */
		C2954FDB1EBE1CE30039CEFA /* Sources */ = {
			isa = PBXSourcesBuildPhase;
			buildActionMask = 2147483647;
			files = (
				C2954FE71EBE1CE30039CEFA /* SecondViewController.swift in Sources */,
				C2954FE31EBE1CE30039CEFA /* AppDelegate.swift in Sources */,
				C2954FE51EBE1CE30039CEFA /* FirstViewController.swift in Sources */,
			);
			runOnlyForDeploymentPostprocessing = 0;
		};
		C2954FF11EBE1CE30039CEFA /* Sources */ = {
			isa = PBXSourcesBuildPhase;
			buildActionMask = 2147483647;
			files = (
				C2954FFA1EBE1CE30039CEFA /* Plunketts2Tests.swift in Sources */,
			);
			runOnlyForDeploymentPostprocessing = 0;
		};
/* End PBXSourcesBuildPhase section */

/* Begin PBXTargetDependency section */
		C2954FF71EBE1CE30039CEFA /* PBXTargetDependency */ = {
			isa = PBXTargetDependency;
			target = C2954FDE1EBE1CE30039CEFA /* Plunketts2 */;
			targetProxy = C2954FF61EBE1CE30039CEFA /* PBXContainerItemProxy */;
		};
/* End PBXTargetDependency section */

/* Begin PBXVariantGroup section */
		C2954FE81EBE1CE30039CEFA /* Main.storyboard */ = {
			isa = PBXVariantGroup;
			children = (
				C2954FE91EBE1CE30039CEFA /* Base */,
			);
			name = Main.storyboard;
			sourceTree = "<group>";
		};
		C2954FED1EBE1CE30039CEFA /* LaunchScreen.storyboard */ = {
			isa = PBXVariantGroup;
			children = (
				C2954FEE1EBE1CE30039CEFA /* Base */,
			);
			name = LaunchScreen.storyboard;
			sourceTree = "<group>";
		};
/* End PBXVariantGroup section */

/* Begin XCBuildConfiguration section */
		C2954FFC1EBE1CE30039CEFA /* Debug */ = {
			isa = XCBuildConfiguration;
			buildSettings = {
				ALWAYS_SEARCH_USER_PATHS = NO;
				CLANG_ANALYZER_NONNULL = YES;
				CLANG_ANALYZER_NUMBER_OBJECT_CONVERSION = YES_AGGRESSIVE;
				CLANG_CXX_LANGUAGE_STANDARD = "gnu++0x";
				CLANG_CXX_LIBRARY = "libc++";
				CLANG_ENABLE_MODULES = YES;
				CLANG_ENABLE_OBJC_ARC = YES;
				CLANG_WARN_BOOL_CONVERSION = YES;
				CLANG_WARN_CONSTANT_CONVERSION = YES;
				CLANG_WARN_DIRECT_OBJC_ISA_USAGE = YES_ERROR;
				CLANG_WARN_DOCUMENTATION_COMMENTS = YES;
				CLANG_WARN_EMPTY_BODY = YES;
				CLANG_WARN_ENUM_CONVERSION = YES;
				CLANG_WARN_INFINITE_RECURSION = YES;
				CLANG_WARN_INT_CONVERSION = YES;
				CLANG_WARN_OBJC_ROOT_CLASS = YES_ERROR;
				CLANG_WARN_SUSPICIOUS_MOVE = YES;
				CLANG_WARN_UNREACHABLE_CODE = YES;
				CLANG_WARN__DUPLICATE_METHOD_MATCH = YES;
				"CODE_SIGN_IDENTITY[sdk=iphoneos*]" = "iPhone Developer";
				COPY_PHASE_STRIP = NO;
				DEBUG_INFORMATION_FORMAT = dwarf;
				ENABLE_STRICT_OBJC_MSGSEND = YES;
				ENABLE_TESTABILITY = YES;
				GCC_C_LANGUAGE_STANDARD = gnu99;
				GCC_DYNAMIC_NO_PIC = NO;
				GCC_NO_COMMON_BLOCKS = YES;
				GCC_OPTIMIZATION_LEVEL = 0;
				GCC_PREPROCESSOR_DEFINITIONS = (
					"DEBUG=1",
					"$(inherited)",
				);
				GCC_WARN_64_TO_32_BIT_CONVERSION = YES;
				GCC_WARN_ABOUT_RETURN_TYPE = YES_ERROR;
				GCC_WARN_UNDECLARED_SELECTOR = YES;
				GCC_WARN_UNINITIALIZED_AUTOS = YES_AGGRESSIVE;
				GCC_WARN_UNUSED_FUNCTION = YES;
				GCC_WARN_UNUSED_VARIABLE = YES;
				IPHONEOS_DEPLOYMENT_TARGET = 10.3;
				MTL_ENABLE_DEBUG_INFO = YES;
				ONLY_ACTIVE_ARCH = YES;
				SDKROOT = iphoneos;
				SWIFT_ACTIVE_COMPILATION_CONDITIONS = DEBUG;
				SWIFT_OPTIMIZATION_LEVEL = "-Onone";
				TARGETED_DEVICE_FAMILY = "1,2";
			};
			name = Debug;
		};
		C2954FFD1EBE1CE30039CEFA /* Release */ = {
			isa = XCBuildConfiguration;
			buildSettings = {
				ALWAYS_SEARCH_USER_PATHS = NO;
				CLANG_ANALYZER_NONNULL = YES;
				CLANG_ANALYZER_NUMBER_OBJECT_CONVERSION = YES_AGGRESSIVE;
				CLANG_CXX_LANGUAGE_STANDARD = "gnu++0x";
				CLANG_CXX_LIBRARY = "libc++";
				CLANG_ENABLE_MODULES = YES;
				CLANG_ENABLE_OBJC_ARC = YES;
				CLANG_WARN_BOOL_CONVERSION = YES;
				CLANG_WARN_CONSTANT_CONVERSION = YES;
				CLANG_WARN_DIRECT_OBJC_ISA_USAGE = YES_ERROR;
				CLANG_WARN_DOCUMENTATION_COMMENTS = YES;
				CLANG_WARN_EMPTY_BODY = YES;
				CLANG_WARN_ENUM_CONVERSION = YES;
				CLANG_WARN_INFINITE_RECURSION = YES;
				CLANG_WARN_INT_CONVERSION = YES;
				CLANG_WARN_OBJC_ROOT_CLASS = YES_ERROR;
				CLANG_WARN_SUSPICIOUS_MOVE = YES;
				CLANG_WARN_UNREACHABLE_CODE = YES;
				CLANG_WARN__DUPLICATE_METHOD_MATCH = YES;
				"CODE_SIGN_IDENTITY[sdk=iphoneos*]" = "iPhone Developer";
				COPY_PHASE_STRIP = NO;
				DEBUG_INFORMATION_FORMAT = "dwarf-with-dsym";
				ENABLE_NS_ASSERTIONS = NO;
				ENABLE_STRICT_OBJC_MSGSEND = YES;
				GCC_C_LANGUAGE_STANDARD = gnu99;
				GCC_NO_COMMON_BLOCKS = YES;
				GCC_WARN_64_TO_32_BIT_CONVERSION = YES;
				GCC_WARN_ABOUT_RETURN_TYPE = YES_ERROR;
				GCC_WARN_UNDECLARED_SELECTOR = YES;
				GCC_WARN_UNINITIALIZED_AUTOS = YES_AGGRESSIVE;
				GCC_WARN_UNUSED_FUNCTION = YES;
				GCC_WARN_UNUSED_VARIABLE = YES;
				IPHONEOS_DEPLOYMENT_TARGET = 10.3;
				MTL_ENABLE_DEBUG_INFO = NO;
				SDKROOT = iphoneos;
				SWIFT_OPTIMIZATION_LEVEL = "-Owholemodule";
				TARGETED_DEVICE_FAMILY = "1,2";
				VALIDATE_PRODUCT = YES;
			};
			name = Release;
		};
		C2954FFF1EBE1CE30039CEFA /* Debug */ = {
			isa = XCBuildConfiguration;
			buildSettings = {
				ASSETCATALOG_COMPILER_APPICON_NAME = AppIcon;
				INFOPLIST_FILE = Plunketts2/Info.plist;
				LD_RUNPATH_SEARCH_PATHS = "$(inherited) @executable_path/Frameworks";
				PRODUCT_BUNDLE_IDENTIFIER = BBBenterprises.Plunketts2;
				PRODUCT_NAME = "$(TARGET_NAME)";
				SWIFT_VERSION = 3.0;
			};
			name = Debug;
		};
		C29550001EBE1CE30039CEFA /* Release */ = {
			isa = XCBuildConfiguration;
			buildSettings = {
				ASSETCATALOG_COMPILER_APPICON_NAME = AppIcon;
				INFOPLIST_FILE = Plunketts2/Info.plist;
				LD_RUNPATH_SEARCH_PATHS = "$(inherited) @executable_path/Frameworks";
				PRODUCT_BUNDLE_IDENTIFIER = BBBenterprises.Plunketts2;
				PRODUCT_NAME = "$(TARGET_NAME)";
				SWIFT_VERSION = 3.0;
			};
			name = Release;
		};
		C29550021EBE1CE30039CEFA /* Debug */ = {
			isa = XCBuildConfiguration;
			buildSettings = {
				ALWAYS_EMBED_SWIFT_STANDARD_LIBRARIES = YES;
				BUNDLE_LOADER = "$(TEST_HOST)";
				INFOPLIST_FILE = Plunketts2Tests/Info.plist;
				LD_RUNPATH_SEARCH_PATHS = "$(inherited) @executable_path/Frameworks @loader_path/Frameworks";
				PRODUCT_BUNDLE_IDENTIFIER = BBBenterprises.Plunketts2Tests;
				PRODUCT_NAME = "$(TARGET_NAME)";
				SWIFT_VERSION = 3.0;
				TEST_HOST = "$(BUILT_PRODUCTS_DIR)/Plunketts2.app/Plunketts2";
			};
			name = Debug;
		};
		C29550031EBE1CE30039CEFA /* Release */ = {
			isa = XCBuildConfiguration;
			buildSettings = {
				ALWAYS_EMBED_SWIFT_STANDARD_LIBRARIES = YES;
				BUNDLE_LOADER = "$(TEST_HOST)";
				INFOPLIST_FILE = Plunketts2Tests/Info.plist;
				LD_RUNPATH_SEARCH_PATHS = "$(inherited) @executable_path/Frameworks @loader_path/Frameworks";
				PRODUCT_BUNDLE_IDENTIFIER = BBBenterprises.Plunketts2Tests;
				PRODUCT_NAME = "$(TARGET_NAME)";
				SWIFT_VERSION = 3.0;
				TEST_HOST = "$(BUILT_PRODUCTS_DIR)/Plunketts2.app/Plunketts2";
			};
			name = Release;
		};
/* End XCBuildConfiguration section */

/* Begin XCConfigurationList section */
		C2954FDA1EBE1CE30039CEFA /* Build configuration list for PBXProject "Plunketts2" */ = {
			isa = XCConfigurationList;
			buildConfigurations = (
				C2954FFC1EBE1CE30039CEFA /* Debug */,
				C2954FFD1EBE1CE30039CEFA /* Release */,
			);
			defaultConfigurationIsVisible = 0;
			defaultConfigurationName = Release;
		};
		C2954FFE1EBE1CE30039CEFA /* Build configuration list for PBXNativeTarget "Plunketts2" */ = {
			isa = XCConfigurationList;
			buildConfigurations = (
				C2954FFF1EBE1CE30039CEFA /* Debug */,
				C29550001EBE1CE30039CEFA /* Release */,
			);
			defaultConfigurationIsVisible = 0;
		};
		C29550011EBE1CE30039CEFA /* Build configuration list for PBXNativeTarget "Plunketts2Tests" */ = {
			isa = XCConfigurationList;
			buildConfigurations = (
				C29550021EBE1CE30039CEFA /* Debug */,
				C29550031EBE1CE30039CEFA /* Release */,
			);
			defaultConfigurationIsVisible = 0;
		};
/* End XCConfigurationList section */
	};
	rootObject = C2954FD71EBE1CE30039CEFA /* Project object */;
}
