// !$*UTF8*$!
{
	archiveVersion = 1;
	classes = {
	};
	objectVersion = 46;
	objects = {

/* Begin PBXBuildFile section */
		59D1F62C2D707F73CAD8777F /* libPods-Plunketts2.a in Frameworks */ = {isa = PBXBuildFile; fileRef = FDB50806E5EBA081343CC118 /* libPods-Plunketts2.a */; };
		C2375E001ECDA0E6007D6A09 /* Main.storyboard in Resources */ = {isa = PBXBuildFile; fileRef = C2375DFE1ECDA0E6007D6A09 /* Main.storyboard */; };
		C26D5C501ECDB327006FF3F9 /* EventListViewController.swift in Sources */ = {isa = PBXBuildFile; fileRef = C26D5C4F1ECDB327006FF3F9 /* EventListViewController.swift */; };
		C26D5C551ECF47D3006FF3F9 /* InsertCalendarEvent.swift in Sources */ = {isa = PBXBuildFile; fileRef = C26D5C541ECF47D3006FF3F9 /* InsertCalendarEvent.swift */; };
		C2954FE31EBE1CE30039CEFA /* AppDelegate.swift in Sources */ = {isa = PBXBuildFile; fileRef = C2954FE21EBE1CE30039CEFA /* AppDelegate.swift */; };
		C2954FE51EBE1CE30039CEFA /* FirstViewController.swift in Sources */ = {isa = PBXBuildFile; fileRef = C2954FE41EBE1CE30039CEFA /* FirstViewController.swift */; };
		C2954FE71EBE1CE30039CEFA /* EventViewController.swift in Sources */ = {isa = PBXBuildFile; fileRef = C2954FE61EBE1CE30039CEFA /* EventViewController.swift */; };
		C2954FEC1EBE1CE30039CEFA /* Assets.xcassets in Resources */ = {isa = PBXBuildFile; fileRef = C2954FEB1EBE1CE30039CEFA /* Assets.xcassets */; };
		C2954FEF1EBE1CE30039CEFA /* LaunchScreen.storyboard in Resources */ = {isa = PBXBuildFile; fileRef = C2954FED1EBE1CE30039CEFA /* LaunchScreen.storyboard */; };
		C2954FFA1EBE1CE30039CEFA /* Plunketts2Tests.swift in Sources */ = {isa = PBXBuildFile; fileRef = C2954FF91EBE1CE30039CEFA /* Plunketts2Tests.swift */; };
		C2E941E11ECB3AB10050E7BB /* Fabric.framework in Frameworks */ = {isa = PBXBuildFile; fileRef = C2E941DD1ECB3AB10050E7BB /* Fabric.framework */; };
		C2E941E21ECB3AB10050E7BB /* TwitterKit.framework in Frameworks */ = {isa = PBXBuildFile; fileRef = C2E941DE1ECB3AB10050E7BB /* TwitterKit.framework */; };
		C2E941E31ECB3AB10050E7BB /* TwitterKitResources.bundle in Resources */ = {isa = PBXBuildFile; fileRef = C2E941DF1ECB3AB10050E7BB /* TwitterKitResources.bundle */; };
		C2E941E41ECB3AB10050E7BB /* TwitterCore.framework in Frameworks */ = {isa = PBXBuildFile; fileRef = C2E941E01ECB3AB10050E7BB /* TwitterCore.framework */; };
		C2E941E61ECB3E3D0050E7BB /* ThirdViewController.swift in Sources */ = {isa = PBXBuildFile; fileRef = C2E941E51ECB3E3D0050E7BB /* ThirdViewController.swift */; };
		C2E941EA1ECC48F20050E7BB /* FixtureListViewController.swift in Sources */ = {isa = PBXBuildFile; fileRef = C2E941E91ECC48F20050E7BB /* FixtureListViewController.swift */; };
/* End PBXBuildFile section */

/* Begin PBXContainerItemProxy section */
		C2954FF61EBE1CE30039CEFA /* PBXContainerItemProxy */ = {
			isa = PBXContainerItemProxy;
			containerPortal = C2954FD71EBE1CE30039CEFA /* Project object */;
			proxyType = 1;
			remoteGlobalIDString = C2954FDE1EBE1CE30039CEFA;
			remoteInfo = Plunketts2;
		};
/* End PBXContainerItemProxy section */

/* Begin PBXFileReference section */
		58270C4C19D25805AC7621F5 /* Pods-Plunketts2.debug.xcconfig */ = {isa = PBXFileReference; includeInIndex = 1; lastKnownFileType = text.xcconfig; name = "Pods-Plunketts2.debug.xcconfig"; path = "Pods/Target Support Files/Pods-Plunketts2/Pods-Plunketts2.debug.xcconfig"; sourceTree = "<group>"; };
		997CF75A6ACD3FD53A43D83A /* Pods-Plunketts2.release.xcconfig */ = {isa = PBXFileReference; includeInIndex = 1; lastKnownFileType = text.xcconfig; name = "Pods-Plunketts2.release.xcconfig"; path = "Pods/Target Support Files/Pods-Plunketts2/Pods-Plunketts2.release.xcconfig"; sourceTree = "<group>"; };
		C2375DFF1ECDA0E6007D6A09 /* Base */ = {isa = PBXFileReference; lastKnownFileType = file.storyboard; name = Base; path = Base.lproj/Main.storyboard; sourceTree = "<group>"; };
		C26D5C4F1ECDB327006FF3F9 /* EventListViewController.swift */ = {isa = PBXFileReference; fileEncoding = 4; lastKnownFileType = sourcecode.swift; path = EventListViewController.swift; sourceTree = "<group>"; };
		C26D5C541ECF47D3006FF3F9 /* InsertCalendarEvent.swift */ = {isa = PBXFileReference; fileEncoding = 4; lastKnownFileType = sourcecode.swift; path = InsertCalendarEvent.swift; sourceTree = "<group>"; };
		C2954FDF1EBE1CE30039CEFA /* Plunketts2.app */ = {isa = PBXFileReference; explicitFileType = wrapper.application; includeInIndex = 0; path = Plunketts2.app; sourceTree = BUILT_PRODUCTS_DIR; };
		C2954FE21EBE1CE30039CEFA /* AppDelegate.swift */ = {isa = PBXFileReference; lastKnownFileType = sourcecode.swift; path = AppDelegate.swift; sourceTree = "<group>"; };
		C2954FE41EBE1CE30039CEFA /* FirstViewController.swift */ = {isa = PBXFileReference; lastKnownFileType = sourcecode.swift; path = FirstViewController.swift; sourceTree = "<group>"; };
		C2954FE61EBE1CE30039CEFA /* EventViewController.swift */ = {isa = PBXFileReference; lastKnownFileType = sourcecode.swift; path = EventViewController.swift; sourceTree = "<group>"; };
		C2954FEB1EBE1CE30039CEFA /* Assets.xcassets */ = {isa = PBXFileReference; lastKnownFileType = folder.assetcatalog; path = Assets.xcassets; sourceTree = "<group>"; };
		C2954FEE1EBE1CE30039CEFA /* Base */ = {isa = PBXFileReference; lastKnownFileType = file.storyboard; name = Base; path = Base.lproj/LaunchScreen.storyboard; sourceTree = "<group>"; };
		C2954FF01EBE1CE30039CEFA /* Info.plist */ = {isa = PBXFileReference; lastKnownFileType = text.plist.xml; path = Info.plist; sourceTree = "<group>"; };
		C2954FF51EBE1CE30039CEFA /* Plunketts2Tests.xctest */ = {isa = PBXFileReference; explicitFileType = wrapper.cfbundle; includeInIndex = 0; path = Plunketts2Tests.xctest; sourceTree = BUILT_PRODUCTS_DIR; };
		C2954FF91EBE1CE30039CEFA /* Plunketts2Tests.swift */ = {isa = PBXFileReference; lastKnownFileType = sourcecode.swift; path = Plunketts2Tests.swift; sourceTree = "<group>"; };
		C2954FFB1EBE1CE30039CEFA /* Info.plist */ = {isa = PBXFileReference; lastKnownFileType = text.plist.xml; path = Info.plist; sourceTree = "<group>"; };
		C2E941DD1ECB3AB10050E7BB /* Fabric.framework */ = {isa = PBXFileReference; lastKnownFileType = wrapper.framework; path = Fabric.framework; sourceTree = SOURCE_ROOT; };
		C2E941DE1ECB3AB10050E7BB /* TwitterKit.framework */ = {isa = PBXFileReference; lastKnownFileType = wrapper.framework; path = TwitterKit.framework; sourceTree = SOURCE_ROOT; };
		C2E941DF1ECB3AB10050E7BB /* TwitterKitResources.bundle */ = {isa = PBXFileReference; lastKnownFileType = "wrapper.plug-in"; name = TwitterKitResources.bundle; path = TwitterKit.framework/Versions/A/Resources/TwitterKitResources.bundle; sourceTree = SOURCE_ROOT; };
		C2E941E01ECB3AB10050E7BB /* TwitterCore.framework */ = {isa = PBXFileReference; lastKnownFileType = wrapper.framework; path = TwitterCore.framework; sourceTree = SOURCE_ROOT; };
		C2E941E51ECB3E3D0050E7BB /* ThirdViewController.swift */ = {isa = PBXFileReference; fileEncoding = 4; lastKnownFileType = sourcecode.swift; path = ThirdViewController.swift; sourceTree = "<group>"; };
		C2E941E91ECC48F20050E7BB /* FixtureListViewController.swift */ = {isa = PBXFileReference; fileEncoding = 4; lastKnownFileType = sourcecode.swift; path = FixtureListViewController.swift; sourceTree = "<group>"; };
		FDB50806E5EBA081343CC118 /* libPods-Plunketts2.a */ = {isa = PBXFileReference; explicitFileType = archive.ar; includeInIndex = 0; path = "libPods-Plunketts2.a"; sourceTree = BUILT_PRODUCTS_DIR; };
/* End PBXFileReference section */

/* Begin PBXFrameworksBuildPhase section */
		C2954FDC1EBE1CE30039CEFA /* Frameworks */ = {
			isa = PBXFrameworksBuildPhase;
			buildActionMask = 2147483647;
			files = (
				C2E941E11ECB3AB10050E7BB /* Fabric.framework in Frameworks */,
				C2E941E41ECB3AB10050E7BB /* TwitterCore.framework in Frameworks */,
				C2E941E21ECB3AB10050E7BB /* TwitterKit.framework in Frameworks */,
				59D1F62C2D707F73CAD8777F /* libPods-Plunketts2.a in Frameworks */,
			);
			runOnlyForDeploymentPostprocessing = 0;
		};
		C2954FF21EBE1CE30039CEFA /* Frameworks */ = {
			isa = PBXFrameworksBuildPhase;
			buildActionMask = 2147483647;
			files = (
			);
			runOnlyForDeploymentPostprocessing = 0;
		};
/* End PBXFrameworksBuildPhase section */

/* Begin PBXGroup section */
		7435F8CDF24828A316C57B54 /* Pods */ = {
			isa = PBXGroup;
			children = (
				58270C4C19D25805AC7621F5 /* Pods-Plunketts2.debug.xcconfig */,
				997CF75A6ACD3FD53A43D83A /* Pods-Plunketts2.release.xcconfig */,
			);
			name = Pods;
			sourceTree = "<group>";
		};
		A3C1FE0F25631C57E75492BF /* Frameworks */ = {
			isa = PBXGroup;
			children = (
				FDB50806E5EBA081343CC118 /* libPods-Plunketts2.a */,
			);
			name = Frameworks;
			sourceTree = "<group>";
		};
		C2954FD61EBE1CE30039CEFA = {
			isa = PBXGroup;
			children = (
				C2954FE11EBE1CE30039CEFA /* Plunketts2 */,
				C2954FF81EBE1CE30039CEFA /* Plunketts2Tests */,
				C2954FE01EBE1CE30039CEFA /* Products */,
				7435F8CDF24828A316C57B54 /* Pods */,
				A3C1FE0F25631C57E75492BF /* Frameworks */,
			);
			sourceTree = "<group>";
		};
		C2954FE01EBE1CE30039CEFA /* Products */ = {
			isa = PBXGroup;
			children = (
				C2954FDF1EBE1CE30039CEFA /* Plunketts2.app */,
				C2954FF51EBE1CE30039CEFA /* Plunketts2Tests.xctest */,
			);
			name = Products;
			sourceTree = "<group>";
		};
		C2954FE11EBE1CE30039CEFA /* Plunketts2 */ = {
			isa = PBXGroup;
			children = (
				C2E941DD1ECB3AB10050E7BB /* Fabric.framework */,
				C2E941DE1ECB3AB10050E7BB /* TwitterKit.framework */,
				C2E941DF1ECB3AB10050E7BB /* TwitterKitResources.bundle */,
				C2E941E01ECB3AB10050E7BB /* TwitterCore.framework */,
				C2954FE21EBE1CE30039CEFA /* AppDelegate.swift */,
				C2954FE41EBE1CE30039CEFA /* FirstViewController.swift */,
				C2954FE61EBE1CE30039CEFA /* EventViewController.swift */,
				C26D5C4F1ECDB327006FF3F9 /* EventListViewController.swift */,
				C2E941E91ECC48F20050E7BB /* FixtureListViewController.swift */,
				C2E941E51ECB3E3D0050E7BB /* ThirdViewController.swift */,
				C26D5C541ECF47D3006FF3F9 /* InsertCalendarEvent.swift */,
				C2375DFE1ECDA0E6007D6A09 /* Main.storyboard */,
				C2954FEB1EBE1CE30039CEFA /* Assets.xcassets */,
				C2954FED1EBE1CE30039CEFA /* LaunchScreen.storyboard */,
				C2954FF01EBE1CE30039CEFA /* Info.plist */,
			);
			path = Plunketts2;
			sourceTree = "<group>";
		};
		C2954FF81EBE1CE30039CEFA /* Plunketts2Tests */ = {
			isa = PBXGroup;
			children = (
				C2954FF91EBE1CE30039CEFA /* Plunketts2Tests.swift */,
				C2954FFB1EBE1CE30039CEFA /* Info.plist */,
			);
			path = Plunketts2Tests;
			sourceTree = "<group>";
		};
/* End PBXGroup section */

/* Begin PBXNativeTarget section */
		C2954FDE1EBE1CE30039CEFA /* Plunketts2 */ = {
			isa = PBXNativeTarget;
			buildConfigurationList = C2954FFE1EBE1CE30039CEFA /* Build configuration list for PBXNativeTarget "Plunketts2" */;
			buildPhases = (
				8DA3D97935F1EE33A37B6C98 /* [CP] Check Pods Manifest.lock */,
				C2954FDB1EBE1CE30039CEFA /* Sources */,
				C2954FDC1EBE1CE30039CEFA /* Frameworks */,
				C2954FDD1EBE1CE30039CEFA /* Resources */,
				C2E941DC1ECB3A3F0050E7BB /* ShellScript */,
				42D96152F5B2C839ABFC1FD2 /* [CP] Embed Pods Frameworks */,
				10B09E103FBD4326E7A3FBDF /* [CP] Copy Pods Resources */,
			);
			buildRules = (
			);
			dependencies = (
			);
			name = Plunketts2;
			productName = Plunketts2;
			productReference = C2954FDF1EBE1CE30039CEFA /* Plunketts2.app */;
			productType = "com.apple.product-type.application";
		};
		C2954FF41EBE1CE30039CEFA /* Plunketts2Tests */ = {
			isa = PBXNativeTarget;
			buildConfigurationList = C29550011EBE1CE30039CEFA /* Build configuration list for PBXNativeTarget "Plunketts2Tests" */;
			buildPhases = (
				C2954FF11EBE1CE30039CEFA /* Sources */,
				C2954FF21EBE1CE30039CEFA /* Frameworks */,
				C2954FF31EBE1CE30039CEFA /* Resources */,
			);
			buildRules = (
			);
			dependencies = (
				C2954FF71EBE1CE30039CEFA /* PBXTargetDependency */,
			);
			name = Plunketts2Tests;
			productName = Plunketts2Tests;
			productReference = C2954FF51EBE1CE30039CEFA /* Plunketts2Tests.xctest */;
			productType = "com.apple.product-type.bundle.unit-test";
		};
/* End PBXNativeTarget section */

/* Begin PBXProject section */
		C2954FD71EBE1CE30039CEFA /* Project object */ = {
			isa = PBXProject;
			attributes = {
				LastSwiftUpdateCheck = 0830;
				LastUpgradeCheck = 0830;
				ORGANIZATIONNAME = "Eanna Boland";
				TargetAttributes = {
					C2954FDE1EBE1CE30039CEFA = {
						CreatedOnToolsVersion = 8.3.2;
						DevelopmentTeam = 86H3NZ78VF;
						ProvisioningStyle = Automatic;
					};
					C2954FF41EBE1CE30039CEFA = {
						CreatedOnToolsVersion = 8.3.2;
						ProvisioningStyle = Automatic;
						TestTargetID = C2954FDE1EBE1CE30039CEFA;
					};
				};
			};
			buildConfigurationList = C2954FDA1EBE1CE30039CEFA /* Build configuration list for PBXProject "Plunketts2" */;
			compatibilityVersion = "Xcode 3.2";
			developmentRegion = English;
			hasScannedForEncodings = 0;
			knownRegions = (
				en,
				Base,
			);
			mainGroup = C2954FD61EBE1CE30039CEFA;
			productRefGroup = C2954FE01EBE1CE30039CEFA /* Products */;
			projectDirPath = "";
			projectRoot = "";
			targets = (
				C2954FDE1EBE1CE30039CEFA /* Plunketts2 */,
				C2954FF41EBE1CE30039CEFA /* Plunketts2Tests */,
			);
		};
/* End PBXProject section */

/* Begin PBXResourcesBuildPhase section */
		C2954FDD1EBE1CE30039CEFA /* Resources */ = {
			isa = PBXResourcesBuildPhase;
			buildActionMask = 2147483647;
			files = (
				C2E941E31ECB3AB10050E7BB /* TwitterKitResources.bundle in Resources */,
				C2954FEF1EBE1CE30039CEFA /* LaunchScreen.storyboard in Resources */,
				C2954FEC1EBE1CE30039CEFA /* Assets.xcassets in Resources */,
				C2375E001ECDA0E6007D6A09 /* Main.storyboard in Resources */,
			);
			runOnlyForDeploymentPostprocessing = 0;
		};
		C2954FF31EBE1CE30039CEFA /* Resources */ = {
			isa = PBXResourcesBuildPhase;
			buildActionMask = 2147483647;
			files = (
			);
			runOnlyForDeploymentPostprocessing = 0;
		};
/* End PBXResourcesBuildPhase section */

/* Begin PBXShellScriptBuildPhase section */
		10B09E103FBD4326E7A3FBDF /* [CP] Copy Pods Resources */ = {
			isa = PBXShellScriptBuildPhase;
			buildActionMask = 2147483647;
			files = (
			);
			inputPaths = (
			);
			name = "[CP] Copy Pods Resources";
			outputPaths = (
			);
			runOnlyForDeploymentPostprocessing = 0;
			shellPath = /bin/sh;
			shellScript = "\"${SRCROOT}/Pods/Target Support Files/Pods-Plunketts2/Pods-Plunketts2-resources.sh\"\n";
			showEnvVarsInLog = 0;
		};
		42D96152F5B2C839ABFC1FD2 /* [CP] Embed Pods Frameworks */ = {
			isa = PBXShellScriptBuildPhase;
			buildActionMask = 2147483647;
			files = (
			);
			inputPaths = (
			);
			name = "[CP] Embed Pods Frameworks";
			outputPaths = (
			);
			runOnlyForDeploymentPostprocessing = 0;
			shellPath = /bin/sh;
			shellScript = "\"${SRCROOT}/Pods/Target Support Files/Pods-Plunketts2/Pods-Plunketts2-frameworks.sh\"\n";
			showEnvVarsInLog = 0;
		};
		8DA3D97935F1EE33A37B6C98 /* [CP] Check Pods Manifest.lock */ = {
			isa = PBXShellScriptBuildPhase;
			buildActionMask = 2147483647;
			files = (
			);
			inputPaths = (
			);
			name = "[CP] Check Pods Manifest.lock";
			outputPaths = (
			);
			runOnlyForDeploymentPostprocessing = 0;
			shellPath = /bin/sh;
			shellScript = "diff \"${PODS_PODFILE_DIR_PATH}/Podfile.lock\" \"${PODS_ROOT}/Manifest.lock\" > /dev/null\nif [ $? != 0 ] ; then\n    # print error to STDERR\n    echo \"error: The sandbox is not in sync with the Podfile.lock. Run 'pod install' or update your CocoaPods installation.\" >&2\n    exit 1\nfi\n";
			showEnvVarsInLog = 0;
		};
		C2E941DC1ECB3A3F0050E7BB /* ShellScript */ = {
			isa = PBXShellScriptBuildPhase;
			buildActionMask = 2147483647;
			files = (
			);
			inputPaths = (
			);
			outputPaths = (
			);
			runOnlyForDeploymentPostprocessing = 0;
			shellPath = /bin/sh;
			shellScript = "./Fabric.framework/run ee5b3fed36cf115b051df70f3876488de6e8c78f 1204a1c161965229ec5f122e1ba90b6096c93edd37206e1e68f8af8a3923e17a";
		};
/* End PBXShellScriptBuildPhase section */

/* Begin PBXSourcesBuildPhase section */
		C2954FDB1EBE1CE30039CEFA /* Sources */ = {
			isa = PBXSourcesBuildPhase;
			buildActionMask = 2147483647;
			files = (
				C2E941EA1ECC48F20050E7BB /* FixtureListViewController.swift in Sources */,
				C26D5C501ECDB327006FF3F9 /* EventListViewController.swift in Sources */,
				C2954FE71EBE1CE30039CEFA /* EventViewController.swift in Sources */,
				C26D5C551ECF47D3006FF3F9 /* InsertCalendarEvent.swift in Sources */,
				C2954FE31EBE1CE30039CEFA /* AppDelegate.swift in Sources */,
				C2E941E61ECB3E3D0050E7BB /* ThirdViewController.swift in Sources */,
				C2954FE51EBE1CE30039CEFA /* FirstViewController.swift in Sources */,
			);
			runOnlyForDeploymentPostprocessing = 0;
		};
		C2954FF11EBE1CE30039CEFA /* Sources */ = {
			isa = PBXSourcesBuildPhase;
			buildActionMask = 2147483647;
			files = (
				C2954FFA1EBE1CE30039CEFA /* Plunketts2Tests.swift in Sources */,
			);
			runOnlyForDeploymentPostprocessing = 0;
		};
/* End PBXSourcesBuildPhase section */

/* Begin PBXTargetDependency section */
		C2954FF71EBE1CE30039CEFA /* PBXTargetDependency */ = {
			isa = PBXTargetDependency;
			target = C2954FDE1EBE1CE30039CEFA /* Plunketts2 */;
			targetProxy = C2954FF61EBE1CE30039CEFA /* PBXContainerItemProxy */;
		};
/* End PBXTargetDependency section */

/* Begin PBXVariantGroup section */
		C2375DFE1ECDA0E6007D6A09 /* Main.storyboard */ = {
			isa = PBXVariantGroup;
			children = (
				C2375DFF1ECDA0E6007D6A09 /* Base */,
			);
			name = Main.storyboard;
			sourceTree = "<group>";
		};
		C2954FED1EBE1CE30039CEFA /* LaunchScreen.storyboard */ = {
			isa = PBXVariantGroup;
			children = (
				C2954FEE1EBE1CE30039CEFA /* Base */,
			);
			name = LaunchScreen.storyboard;
			sourceTree = "<group>";
		};
/* End PBXVariantGroup section */

/* Begin XCBuildConfiguration section */
		C2954FFC1EBE1CE30039CEFA /* Debug */ = {
			isa = XCBuildConfiguration;
			buildSettings = {
				ALWAYS_SEARCH_USER_PATHS = NO;
				CLANG_ANALYZER_NONNULL = YES;
				CLANG_ANALYZER_NUMBER_OBJECT_CONVERSION = YES_AGGRESSIVE;
				CLANG_CXX_LANGUAGE_STANDARD = "gnu++0x";
				CLANG_CXX_LIBRARY = "libc++";
				CLANG_ENABLE_MODULES = YES;
				CLANG_ENABLE_OBJC_ARC = YES;
				CLANG_WARN_BOOL_CONVERSION = YES;
				CLANG_WARN_CONSTANT_CONVERSION = YES;
				CLANG_WARN_DIRECT_OBJC_ISA_USAGE = YES_ERROR;
				CLANG_WARN_DOCUMENTATION_COMMENTS = YES;
				CLANG_WARN_EMPTY_BODY = YES;
				CLANG_WARN_ENUM_CONVERSION = YES;
				CLANG_WARN_INFINITE_RECURSION = YES;
				CLANG_WARN_INT_CONVERSION = YES;
				CLANG_WARN_OBJC_ROOT_CLASS = YES_ERROR;
				CLANG_WARN_SUSPICIOUS_MOVE = YES;
				CLANG_WARN_UNREACHABLE_CODE = YES;
				CLANG_WARN__DUPLICATE_METHOD_MATCH = YES;
				"CODE_SIGN_IDENTITY[sdk=iphoneos*]" = "iPhone Developer";
				COPY_PHASE_STRIP = NO;
				DEBUG_INFORMATION_FORMAT = dwarf;
				ENABLE_STRICT_OBJC_MSGSEND = YES;
				ENABLE_TESTABILITY = YES;
				GCC_C_LANGUAGE_STANDARD = gnu99;
				GCC_DYNAMIC_NO_PIC = NO;
				GCC_NO_COMMON_BLOCKS = YES;
				GCC_OPTIMIZATION_LEVEL = 0;
				GCC_PREPROCESSOR_DEFINITIONS = (
					"DEBUG=1",
					"$(inherited)",
				);
				GCC_WARN_64_TO_32_BIT_CONVERSION = YES;
				GCC_WARN_ABOUT_RETURN_TYPE = YES_ERROR;
				GCC_WARN_UNDECLARED_SELECTOR = YES;
				GCC_WARN_UNINITIALIZED_AUTOS = YES_AGGRESSIVE;
				GCC_WARN_UNUSED_FUNCTION = YES;
				GCC_WARN_UNUSED_VARIABLE = YES;
				IPHONEOS_DEPLOYMENT_TARGET = 10.3;
				MTL_ENABLE_DEBUG_INFO = YES;
				ONLY_ACTIVE_ARCH = YES;
				SDKROOT = iphoneos;
				SWIFT_ACTIVE_COMPILATION_CONDITIONS = DEBUG;
				SWIFT_OPTIMIZATION_LEVEL = "-Onone";
				TARGETED_DEVICE_FAMILY = "1,2";
			};
			name = Debug;
		};
		C2954FFD1EBE1CE30039CEFA /* Release */ = {
			isa = XCBuildConfiguration;
			buildSettings = {
				ALWAYS_SEARCH_USER_PATHS = NO;
				CLANG_ANALYZER_NONNULL = YES;
				CLANG_ANALYZER_NUMBER_OBJECT_CONVERSION = YES_AGGRESSIVE;
				CLANG_CXX_LANGUAGE_STANDARD = "gnu++0x";
				CLANG_CXX_LIBRARY = "libc++";
				CLANG_ENABLE_MODULES = YES;
				CLANG_ENABLE_OBJC_ARC = YES;
				CLANG_WARN_BOOL_CONVERSION = YES;
				CLANG_WARN_CONSTANT_CONVERSION = YES;
				CLANG_WARN_DIRECT_OBJC_ISA_USAGE = YES_ERROR;
				CLANG_WARN_DOCUMENTATION_COMMENTS = YES;
				CLANG_WARN_EMPTY_BODY = YES;
				CLANG_WARN_ENUM_CONVERSION = YES;
				CLANG_WARN_INFINITE_RECURSION = YES;
				CLANG_WARN_INT_CONVERSION = YES;
				CLANG_WARN_OBJC_ROOT_CLASS = YES_ERROR;
				CLANG_WARN_SUSPICIOUS_MOVE = YES;
				CLANG_WARN_UNREACHABLE_CODE = YES;
				CLANG_WARN__DUPLICATE_METHOD_MATCH = YES;
				"CODE_SIGN_IDENTITY[sdk=iphoneos*]" = "iPhone Developer";
				COPY_PHASE_STRIP = NO;
				DEBUG_INFORMATION_FORMAT = "dwarf-with-dsym";
				ENABLE_NS_ASSERTIONS = NO;
				ENABLE_STRICT_OBJC_MSGSEND = YES;
				GCC_C_LANGUAGE_STANDARD = gnu99;
				GCC_NO_COMMON_BLOCKS = YES;
				GCC_WARN_64_TO_32_BIT_CONVERSION = YES;
				GCC_WARN_ABOUT_RETURN_TYPE = YES_ERROR;
				GCC_WARN_UNDECLARED_SELECTOR = YES;
				GCC_WARN_UNINITIALIZED_AUTOS = YES_AGGRESSIVE;
				GCC_WARN_UNUSED_FUNCTION = YES;
				GCC_WARN_UNUSED_VARIABLE = YES;
				IPHONEOS_DEPLOYMENT_TARGET = 10.3;
				MTL_ENABLE_DEBUG_INFO = NO;
				SDKROOT = iphoneos;
				SWIFT_OPTIMIZATION_LEVEL = "-Owholemodule";
				TARGETED_DEVICE_FAMILY = "1,2";
				VALIDATE_PRODUCT = YES;
			};
			name = Release;
		};
		C2954FFF1EBE1CE30039CEFA /* Debug */ = {
			isa = XCBuildConfiguration;
			baseConfigurationReference = 58270C4C19D25805AC7621F5 /* Pods-Plunketts2.debug.xcconfig */;
			buildSettings = {
				ASSETCATALOG_COMPILER_APPICON_NAME = AppIcon;
				ASSETCATALOG_COMPILER_LAUNCHIMAGE_NAME = LaunchImage;
				DEVELOPMENT_TEAM = 86H3NZ78VF;
				FRAMEWORK_SEARCH_PATHS = (
					"$(inherited)",
					"$(PROJECT_DIR)",
				);
				INFOPLIST_FILE = Plunketts2/Info.plist;
				LD_RUNPATH_SEARCH_PATHS = "$(inherited) @executable_path/Frameworks";
				PRODUCT_BUNDLE_IDENTIFIER = BBBenterprises.Plunketts2;
				PRODUCT_NAME = "$(TARGET_NAME)";
				SWIFT_VERSION = 3.0;
			};
			name = Debug;
		};
		C29550001EBE1CE30039CEFA /* Release */ = {
			isa = XCBuildConfiguration;
			baseConfigurationReference = 997CF75A6ACD3FD53A43D83A /* Pods-Plunketts2.release.xcconfig */;
			buildSettings = {
				ASSETCATALOG_COMPILER_APPICON_NAME = AppIcon;
				ASSETCATALOG_COMPILER_LAUNCHIMAGE_NAME = LaunchImage;
				DEVELOPMENT_TEAM = 86H3NZ78VF;
				FRAMEWORK_SEARCH_PATHS = (
					"$(inherited)",
					"$(PROJECT_DIR)",
				);
				INFOPLIST_FILE = Plunketts2/Info.plist;
				LD_RUNPATH_SEARCH_PATHS = "$(inherited) @executable_path/Frameworks";
				PRODUCT_BUNDLE_IDENTIFIER = BBBenterprises.Plunketts2;
				PRODUCT_NAME = "$(TARGET_NAME)";
				SWIFT_VERSION = 3.0;
			};
			name = Release;
		};
		C29550021EBE1CE30039CEFA /* Debug */ = {
			isa = XCBuildConfiguration;
			buildSettings = {
				ALWAYS_EMBED_SWIFT_STANDARD_LIBRARIES = YES;
				BUNDLE_LOADER = "$(TEST_HOST)";
				INFOPLIST_FILE = Plunketts2Tests/Info.plist;
				LD_RUNPATH_SEARCH_PATHS = "$(inherited) @executable_path/Frameworks @loader_path/Frameworks";
				PRODUCT_BUNDLE_IDENTIFIER = BBBenterprises.Plunketts2Tests;
				PRODUCT_NAME = "$(TARGET_NAME)";
				SWIFT_VERSION = 3.0;
				TEST_HOST = "$(BUILT_PRODUCTS_DIR)/Plunketts2.app/Plunketts2";
			};
			name = Debug;
		};
		C29550031EBE1CE30039CEFA /* Release */ = {
			isa = XCBuildConfiguration;
			buildSettings = {
				ALWAYS_EMBED_SWIFT_STANDARD_LIBRARIES = YES;
				BUNDLE_LOADER = "$(TEST_HOST)";
				INFOPLIST_FILE = Plunketts2Tests/Info.plist;
				LD_RUNPATH_SEARCH_PATHS = "$(inherited) @executable_path/Frameworks @loader_path/Frameworks";
				PRODUCT_BUNDLE_IDENTIFIER = BBBenterprises.Plunketts2Tests;
				PRODUCT_NAME = "$(TARGET_NAME)";
				SWIFT_VERSION = 3.0;
				TEST_HOST = "$(BUILT_PRODUCTS_DIR)/Plunketts2.app/Plunketts2";
			};
			name = Release;
		};
/* End XCBuildConfiguration section */

/* Begin XCConfigurationList section */
		C2954FDA1EBE1CE30039CEFA /* Build configuration list for PBXProject "Plunketts2" */ = {
			isa = XCConfigurationList;
			buildConfigurations = (
				C2954FFC1EBE1CE30039CEFA /* Debug */,
				C2954FFD1EBE1CE30039CEFA /* Release */,
			);
			defaultConfigurationIsVisible = 0;
			defaultConfigurationName = Release;
		};
		C2954FFE1EBE1CE30039CEFA /* Build configuration list for PBXNativeTarget "Plunketts2" */ = {
			isa = XCConfigurationList;
			buildConfigurations = (
				C2954FFF1EBE1CE30039CEFA /* Debug */,
				C29550001EBE1CE30039CEFA /* Release */,
			);
			defaultConfigurationIsVisible = 0;
			defaultConfigurationName = Release;
		};
		C29550011EBE1CE30039CEFA /* Build configuration list for PBXNativeTarget "Plunketts2Tests" */ = {
			isa = XCConfigurationList;
			buildConfigurations = (
				C29550021EBE1CE30039CEFA /* Debug */,
				C29550031EBE1CE30039CEFA /* Release */,
			);
			defaultConfigurationIsVisible = 0;
			defaultConfigurationName = Release;
		};
/* End XCConfigurationList section */
	};
	rootObject = C2954FD71EBE1CE30039CEFA /* Project object */;
}
